
Microsoft Visual Studio Solution File, Format Version 12.00
# Visual Studio Version 16
VisualStudioVersion = 16.0.30204.135
MinimumVisualStudioVersion = 15.0.26124.0
Project("{2150E333-8FDC-42A3-9474-1A3956D46DE8}") = "Apps", "Apps", "{D638410D-08F3-4042-85CD-1A12F58C06D8}"
EndProject
Project("{2150E333-8FDC-42A3-9474-1A3956D46DE8}") = "Common", "Common", "{27A946BF-09D5-4B8D-B71F-BE4E6FCEACF0}"
EndProject
Project("{9A19103F-16F7-4668-BE54-9A1E7A4F7556}") = "SquadPremium.Application", "src\Common\SquadPremium.Application\SquadPremium.Application.csproj", "{20613C5C-4DD9-42D1-B781-2EBE612B57DD}"
EndProject
Project("{9A19103F-16F7-4668-BE54-9A1E7A4F7556}") = "SquadPremium.Infrastructure", "src\Common\SquadPremium.Infrastructure\SquadPremium.Infrastructure.csproj", "{FB27BD16-7EF8-4FED-B822-177438585578}"
EndProject
Project("{9A19103F-16F7-4668-BE54-9A1E7A4F7556}") = "SquadPremium.Api", "src\Apps\SquadPremium.Api\SquadPremium.Api.csproj", "{A8D18FE5-1BD1-47D7-B1CC-A388AC959ADF}"
EndProject
Project("{9A19103F-16F7-4668-BE54-9A1E7A4F7556}") = "SquadPremium.Application.IntegrationTests", "tests\SquadPremium.Application.IntegrationTests\SquadPremium.Application.IntegrationTests.csproj", "{C50A1D83-C039-4420-9AFE-C497C07E01D2}"
EndProject
Project("{2150E333-8FDC-42A3-9474-1A3956D46DE8}") = "src", "src", "{D2A70E84-194F-4531-AA81-82729A26F364}"
EndProject
Project("{2150E333-8FDC-42A3-9474-1A3956D46DE8}") = "tests", "tests", "{F8A7E80E-BA7E-40A5-A950-D63ABA0EC731}"
EndProject
Project("{E53339B2-1760-4266-BCC7-CA923CBCF16C}") = "docker-compose", "docker-compose.dcproj", "{6C8D5751-2075-45DF-85B5-493EE8F30AD7}"
EndProject
Global
	GlobalSection(SolutionConfigurationPlatforms) = preSolution
		Debug|Any CPU = Debug|Any CPU
		Release|Any CPU = Release|Any CPU
	EndGlobalSection
	GlobalSection(ProjectConfigurationPlatforms) = postSolution
		{20613C5C-4DD9-42D1-B781-2EBE612B57DD}.Debug|Any CPU.ActiveCfg = Debug|Any CPU
		{20613C5C-4DD9-42D1-B781-2EBE612B57DD}.Debug|Any CPU.Build.0 = Debug|Any CPU
		{20613C5C-4DD9-42D1-B781-2EBE612B57DD}.Release|Any CPU.ActiveCfg = Release|Any CPU
		{20613C5C-4DD9-42D1-B781-2EBE612B57DD}.Release|Any CPU.Build.0 = Release|Any CPU
		{FB27BD16-7EF8-4FED-B822-177438585578}.Debug|Any CPU.ActiveCfg = Debug|Any CPU
		{FB27BD16-7EF8-4FED-B822-177438585578}.Debug|Any CPU.Build.0 = Debug|Any CPU
		{FB27BD16-7EF8-4FED-B822-177438585578}.Release|Any CPU.ActiveCfg = Release|Any CPU
		{FB27BD16-7EF8-4FED-B822-177438585578}.Release|Any CPU.Build.0 = Release|Any CPU
		{A8D18FE5-1BD1-47D7-B1CC-A388AC959ADF}.Debug|Any CPU.ActiveCfg = Debug|Any CPU
		{A8D18FE5-1BD1-47D7-B1CC-A388AC959ADF}.Debug|Any CPU.Build.0 = Debug|Any CPU
		{A8D18FE5-1BD1-47D7-B1CC-A388AC959ADF}.Release|Any CPU.ActiveCfg = Release|Any CPU
		{A8D18FE5-1BD1-47D7-B1CC-A388AC959ADF}.Release|Any CPU.Build.0 = Release|Any CPU
		{C50A1D83-C039-4420-9AFE-C497C07E01D2}.Debug|Any CPU.ActiveCfg = Debug|Any CPU
		{C50A1D83-C039-4420-9AFE-C497C07E01D2}.Debug|Any CPU.Build.0 = Debug|Any CPU
		{C50A1D83-C039-4420-9AFE-C497C07E01D2}.Release|Any CPU.ActiveCfg = Release|Any CPU
		{C50A1D83-C039-4420-9AFE-C497C07E01D2}.Release|Any CPU.Build.0 = Release|Any CPU
		{6C8D5751-2075-45DF-85B5-493EE8F30AD7}.Debug|Any CPU.ActiveCfg = Debug|Any CPU
		{6C8D5751-2075-45DF-85B5-493EE8F30AD7}.Debug|Any CPU.Build.0 = Debug|Any CPU
		{6C8D5751-2075-45DF-85B5-493EE8F30AD7}.Release|Any CPU.ActiveCfg = Release|Any CPU
		{6C8D5751-2075-45DF-85B5-493EE8F30AD7}.Release|Any CPU.Build.0 = Release|Any CPU
	EndGlobalSection
	GlobalSection(SolutionProperties) = preSolution
		HideSolutionNode = FALSE
	EndGlobalSection
	GlobalSection(NestedProjects) = preSolution
		{D638410D-08F3-4042-85CD-1A12F58C06D8} = {D2A70E84-194F-4531-AA81-82729A26F364}
		{27A946BF-09D5-4B8D-B71F-BE4E6FCEACF0} = {D2A70E84-194F-4531-AA81-82729A26F364}
		{20613C5C-4DD9-42D1-B781-2EBE612B57DD} = {27A946BF-09D5-4B8D-B71F-BE4E6FCEACF0}
		{FB27BD16-7EF8-4FED-B822-177438585578} = {27A946BF-09D5-4B8D-B71F-BE4E6FCEACF0}
		{A8D18FE5-1BD1-47D7-B1CC-A388AC959ADF} = {D638410D-08F3-4042-85CD-1A12F58C06D8}
		{C50A1D83-C039-4420-9AFE-C497C07E01D2} = {F8A7E80E-BA7E-40A5-A950-D63ABA0EC731}
	EndGlobalSection
	GlobalSection(ExtensibilityGlobals) = postSolution
		SolutionGuid = {35E1D188-84DC-4673-B815-9E76A22A070C}
	EndGlobalSection
EndGlobal
